<?xml version="1.0" encoding="utf-8"?>
<Project ToolsVersion="4.0" xmlns="http://schemas.microsoft.com/developer/msbuild/2003">
  <ItemGroup>
    <Filter Include="源文件">
      <UniqueIdentifier>{34850ece-5626-46d9-9ada-43350cbd7a98}</UniqueIdentifier>
    </Filter>
  </ItemGroup>
  <ItemGroup>
    <ClCompile Include="01_PolyDataSource.cpp">
      <Filter>源文件</Filter>
    </ClCompile>
  </ItemGroup>
</Project>